// !$*UTF8*$!
{
	archiveVersion = 1;
	classes = {
	};
	objectVersion = 55;
	objects = {

/* Begin PBXBuildFile section */
		00EB4C73289437630096B898 /* CustomSearchBarApp.swift in Sources */ = {isa = PBXBuildFile; fileRef = 00EB4C72289437630096B898 /* CustomSearchBarApp.swift */; };
		00EB4C75289437630096B898 /* ContentView.swift in Sources */ = {isa = PBXBuildFile; fileRef = 00EB4C74289437630096B898 /* ContentView.swift */; };
		00EB4C77289437650096B898 /* Assets.xcassets in Resources */ = {isa = PBXBuildFile; fileRef = 00EB4C76289437650096B898 /* Assets.xcassets */; };
		00EB4C7A289437650096B898 /* Preview Assets.xcassets in Resources */ = {isa = PBXBuildFile; fileRef = 00EB4C79289437650096B898 /* Preview Assets.xcassets */; };
		00EB4C84289437650096B898 /* CustomSearchBarTests.swift in Sources */ = {isa = PBXBuildFile; fileRef = 00EB4C83289437650096B898 /* CustomSearchBarTests.swift */; };
		00EB4C8E289437650096B898 /* CustomSearchBarUITests.swift in Sources */ = {isa = PBXBuildFile; fileRef = 00EB4C8D289437650096B898 /* CustomSearchBarUITests.swift */; };
		00EB4C90289437650096B898 /* CustomSearchBarUITestsLaunchTests.swift in Sources */ = {isa = PBXBuildFile; fileRef = 00EB4C8F289437650096B898 /* CustomSearchBarUITestsLaunchTests.swift */; };
/* End PBXBuildFile section */

/* Begin PBXContainerItemProxy section */
		00EB4C80289437650096B898 /* PBXContainerItemProxy */ = {
			isa = PBXContainerItemProxy;
			containerPortal = 00EB4C67289437630096B898 /* Project object */;
			proxyType = 1;
			remoteGlobalIDString = 00EB4C6E289437630096B898;
			remoteInfo = CustomSearchBar;
		};
		00EB4C8A289437650096B898 /* PBXContainerItemProxy */ = {
			isa = PBXContainerItemProxy;
			containerPortal = 00EB4C67289437630096B898 /* Project object */;
			proxyType = 1;
			remoteGlobalIDString = 00EB4C6E289437630096B898;
			remoteInfo = CustomSearchBar;
		};
/* End PBXContainerItemProxy section */

/* Begin PBXFileReference section */
		00EB4C6F289437630096B898 /* CustomSearchBar.app */ = {isa = PBXFileReference; explicitFileType = wrapper.application; includeInIndex = 0; path = CustomSearchBar.app; sourceTree = BUILT_PRODUCTS_DIR; };
		00EB4C72289437630096B898 /* CustomSearchBarApp.swift */ = {isa = PBXFileReference; lastKnownFileType = sourcecode.swift; path = CustomSearchBarApp.swift; sourceTree = "<group>"; };
		00EB4C74289437630096B898 /* ContentView.swift */ = {isa = PBXFileReference; lastKnownFileType = sourcecode.swift; path = ContentView.swift; sourceTree = "<group>"; };
		00EB4C76289437650096B898 /* Assets.xcassets */ = {isa = PBXFileReference; lastKnownFileType = folder.assetcatalog; path = Assets.xcassets; sourceTree = "<group>"; };
		00EB4C79289437650096B898 /* Preview Assets.xcassets */ = {isa = PBXFileReference; lastKnownFileType = folder.assetcatalog; path = "Preview Assets.xcassets"; sourceTree = "<group>"; };
		00EB4C7F289437650096B898 /* CustomSearchBarTests.xctest */ = {isa = PBXFileReference; explicitFileType = wrapper.cfbundle; includeInIndex = 0; path = CustomSearchBarTests.xctest; sourceTree = BUILT_PRODUCTS_DIR; };
		00EB4C83289437650096B898 /* CustomSearchBarTests.swift */ = {isa = PBXFileReference; lastKnownFileType = sourcecode.swift; path = CustomSearchBarTests.swift; sourceTree = "<group>"; };
		00EB4C89289437650096B898 /* CustomSearchBarUITests.xctest */ = {isa = PBXFileReference; explicitFileType = wrapper.cfbundle; includeInIndex = 0; path = CustomSearchBarUITests.xctest; sourceTree = BUILT_PRODUCTS_DIR; };
		00EB4C8D289437650096B898 /* CustomSearchBarUITests.swift */ = {isa = PBXFileReference; lastKnownFileType = sourcecode.swift; path = CustomSearchBarUITests.swift; sourceTree = "<group>"; };
		00EB4C8F289437650096B898 /* CustomSearchBarUITestsLaunchTests.swift */ = {isa = PBXFileReference; lastKnownFileType = sourcecode.swift; path = CustomSearchBarUITestsLaunchTests.swift; sourceTree = "<group>"; };
/* End PBXFileReference section */

/* Begin PBXFrameworksBuildPhase section */
		00EB4C6C289437630096B898 /* Frameworks */ = {
			isa = PBXFrameworksBuildPhase;
			buildActionMask = 2147483647;
			files = (
			);
			runOnlyForDeploymentPostprocessing = 0;
		};
		00EB4C7C289437650096B898 /* Frameworks */ = {
			isa = PBXFrameworksBuildPhase;
			buildActionMask = 2147483647;
			files = (
			);
			runOnlyForDeploymentPostprocessing = 0;
		};
		00EB4C86289437650096B898 /* Frameworks */ = {
			isa = PBXFrameworksBuildPhase;
			buildActionMask = 2147483647;
			files = (
			);
			runOnlyForDeploymentPostprocessing = 0;
		};
/* End PBXFrameworksBuildPhase section */

/* Begin PBXGroup section */
		00EB4C66289437630096B898 = {
			isa = PBXGroup;
			children = (
				00EB4C71289437630096B898 /* CustomSearchBar */,
				00EB4C82289437650096B898 /* CustomSearchBarTests */,
				00EB4C8C289437650096B898 /* CustomSearchBarUITests */,
				00EB4C70289437630096B898 /* Products */,
			);
			sourceTree = "<group>";
		};
		00EB4C70289437630096B898 /* Products */ = {
			isa = PBXGroup;
			children = (
				00EB4C6F289437630096B898 /* CustomSearchBar.app */,
				00EB4C7F289437650096B898 /* CustomSearchBarTests.xctest */,
				00EB4C89289437650096B898 /* CustomSearchBarUITests.xctest */,
			);
			name = Products;
			sourceTree = "<group>";
		};
		00EB4C71289437630096B898 /* CustomSearchBar */ = {
			isa = PBXGroup;
			children = (
				00EB4C72289437630096B898 /* CustomSearchBarApp.swift */,
				00EB4C74289437630096B898 /* ContentView.swift */,
				00EB4C76289437650096B898 /* Assets.xcassets */,
				00EB4C78289437650096B898 /* Preview Content */,
			);
			path = CustomSearchBar;
			sourceTree = "<group>";
		};
		00EB4C78289437650096B898 /* Preview Content */ = {
			isa = PBXGroup;
			children = (
				00EB4C79289437650096B898 /* Preview Assets.xcassets */,
			);
			path = "Preview Content";
			sourceTree = "<group>";
		};
		00EB4C82289437650096B898 /* CustomSearchBarTests */ = {
			isa = PBXGroup;
			children = (
				00EB4C83289437650096B898 /* CustomSearchBarTests.swift */,
			);
			path = CustomSearchBarTests;
			sourceTree = "<group>";
		};
		00EB4C8C289437650096B898 /* CustomSearchBarUITests */ = {
			isa = PBXGroup;
			children = (
				00EB4C8D289437650096B898 /* CustomSearchBarUITests.swift */,
				00EB4C8F289437650096B898 /* CustomSearchBarUITestsLaunchTests.swift */,
			);
			path = CustomSearchBarUITests;
			sourceTree = "<group>";
		};
/* End PBXGroup section */

/* Begin PBXNativeTarget section */
		00EB4C6E289437630096B898 /* CustomSearchBar */ = {
			isa = PBXNativeTarget;
			buildConfigurationList = 00EB4C93289437650096B898 /* Build configuration list for PBXNativeTarget "CustomSearchBar" */;
			buildPhases = (
				00EB4C6B289437630096B898 /* Sources */,
				00EB4C6C289437630096B898 /* Frameworks */,
				00EB4C6D289437630096B898 /* Resources */,
			);
			buildRules = (
			);
			dependencies = (
			);
			name = CustomSearchBar;
			productName = CustomSearchBar;
			productReference = 00EB4C6F289437630096B898 /* CustomSearchBar.app */;
			productType = "com.apple.product-type.application";
		};
		00EB4C7E289437650096B898 /* CustomSearchBarTests */ = {
			isa = PBXNativeTarget;
			buildConfigurationList = 00EB4C96289437650096B898 /* Build configuration list for PBXNativeTarget "CustomSearchBarTests" */;
			buildPhases = (
				00EB4C7B289437650096B898 /* Sources */,
				00EB4C7C289437650096B898 /* Frameworks */,
				00EB4C7D289437650096B898 /* Resources */,
			);
			buildRules = (
			);
			dependencies = (
				00EB4C81289437650096B898 /* PBXTargetDependency */,
			);
			name = CustomSearchBarTests;
			productName = CustomSearchBarTests;
			productReference = 00EB4C7F289437650096B898 /* CustomSearchBarTests.xctest */;
			productType = "com.apple.product-type.bundle.unit-test";
		};
		00EB4C88289437650096B898 /* CustomSearchBarUITests */ = {
			isa = PBXNativeTarget;
			buildConfigurationList = 00EB4C99289437650096B898 /* Build configuration list for PBXNativeTarget "CustomSearchBarUITests" */;
			buildPhases = (
				00EB4C85289437650096B898 /* Sources */,
				00EB4C86289437650096B898 /* Frameworks */,
				00EB4C87289437650096B898 /* Resources */,
			);
			buildRules = (
			);
			dependencies = (
				00EB4C8B289437650096B898 /* PBXTargetDependency */,
			);
			name = CustomSearchBarUITests;
			productName = CustomSearchBarUITests;
			productReference = 00EB4C89289437650096B898 /* CustomSearchBarUITests.xctest */;
			productType = "com.apple.product-type.bundle.ui-testing";
		};
/* End PBXNativeTarget section */

/* Begin PBXProject section */
		00EB4C67289437630096B898 /* Project object */ = {
			isa = PBXProject;
			attributes = {
				BuildIndependentTargetsInParallel = 1;
				LastSwiftUpdateCheck = 1340;
				LastUpgradeCheck = 1340;
				TargetAttributes = {
					00EB4C6E289437630096B898 = {
						CreatedOnToolsVersion = 13.4.1;
					};
					00EB4C7E289437650096B898 = {
						CreatedOnToolsVersion = 13.4.1;
						TestTargetID = 00EB4C6E289437630096B898;
					};
					00EB4C88289437650096B898 = {
						CreatedOnToolsVersion = 13.4.1;
						TestTargetID = 00EB4C6E289437630096B898;
					};
				};
			};
			buildConfigurationList = 00EB4C6A289437630096B898 /* Build configuration list for PBXProject "CustomSearchBar" */;
			compatibilityVersion = "Xcode 13.0";
			developmentRegion = en;
			hasScannedForEncodings = 0;
			knownRegions = (
				en,
				Base,
			);
			mainGroup = 00EB4C66289437630096B898;
			productRefGroup = 00EB4C70289437630096B898 /* Products */;
			projectDirPath = "";
			projectRoot = "";
			targets = (
				00EB4C6E289437630096B898 /* CustomSearchBar */,
				00EB4C7E289437650096B898 /* CustomSearchBarTests */,
				00EB4C88289437650096B898 /* CustomSearchBarUITests */,
			);
		};
/* End PBXProject section */

/* Begin PBXResourcesBuildPhase section */
		00EB4C6D289437630096B898 /* Resources */ = {
			isa = PBXResourcesBuildPhase;
			buildActionMask = 2147483647;
			files = (
				00EB4C7A289437650096B898 /* Preview Assets.xcassets in Resources */,
				00EB4C77289437650096B898 /* Assets.xcassets in Resources */,
			);
			runOnlyForDeploymentPostprocessing = 0;
		};
		00EB4C7D289437650096B898 /* Resources */ = {
			isa = PBXResourcesBuildPhase;
			buildActionMask = 2147483647;
			files = (
			);
			runOnlyForDeploymentPostprocessing = 0;
		};
		00EB4C87289437650096B898 /* Resources */ = {
			isa = PBXResourcesBuildPhase;
			buildActionMask = 2147483647;
			files = (
			);
			runOnlyForDeploymentPostprocessing = 0;
		};
/* End PBXResourcesBuildPhase section */

/* Begin PBXSourcesBuildPhase section */
		00EB4C6B289437630096B898 /* Sources */ = {
			isa = PBXSourcesBuildPhase;
			buildActionMask = 2147483647;
			files = (
				00EB4C75289437630096B898 /* ContentView.swift in Sources */,
				00EB4C73289437630096B898 /* CustomSearchBarApp.swift in Sources */,
			);
			runOnlyForDeploymentPostprocessing = 0;
		};
		00EB4C7B289437650096B898 /* Sources */ = {
			isa = PBXSourcesBuildPhase;
			buildActionMask = 2147483647;
			files = (
				00EB4C84289437650096B898 /* CustomSearchBarTests.swift in Sources */,
			);
			runOnlyForDeploymentPostprocessing = 0;
		};
		00EB4C85289437650096B898 /* Sources */ = {
			isa = PBXSourcesBuildPhase;
			buildActionMask = 2147483647;
			files = (
				00EB4C8E289437650096B898 /* CustomSearchBarUITests.swift in Sources */,
				00EB4C90289437650096B898 /* CustomSearchBarUITestsLaunchTests.swift in Sources */,
			);
			runOnlyForDeploymentPostprocessing = 0;
		};
/* End PBXSourcesBuildPhase section */

/* Begin PBXTargetDependency section */
		00EB4C81289437650096B898 /* PBXTargetDependency */ = {
			isa = PBXTargetDependency;
			target = 00EB4C6E289437630096B898 /* CustomSearchBar */;
			targetProxy = 00EB4C80289437650096B898 /* PBXContainerItemProxy */;
		};
		00EB4C8B289437650096B898 /* PBXTargetDependency */ = {
			isa = PBXTargetDependency;
			target = 00EB4C6E289437630096B898 /* CustomSearchBar */;
			targetProxy = 00EB4C8A289437650096B898 /* PBXContainerItemProxy */;
		};
/* End PBXTargetDependency section */

/* Begin XCBuildConfiguration section */
		00EB4C91289437650096B898 /* Debug */ = {
			isa = XCBuildConfiguration;
			buildSettings = {
				ALWAYS_SEARCH_USER_PATHS = NO;
				CLANG_ANALYZER_NONNULL = YES;
				CLANG_ANALYZER_NUMBER_OBJECT_CONVERSION = YES_AGGRESSIVE;
				CLANG_CXX_LANGUAGE_STANDARD = "gnu++17";
				CLANG_ENABLE_MODULES = YES;
				CLANG_ENABLE_OBJC_ARC = YES;
				CLANG_ENABLE_OBJC_WEAK = YES;
				CLANG_WARN_BLOCK_CAPTURE_AUTORELEASING = YES;
				CLANG_WARN_BOOL_CONVERSION = YES;
				CLANG_WARN_COMMA = YES;
				CLANG_WARN_CONSTANT_CONVERSION = YES;
				CLANG_WARN_DEPRECATED_OBJC_IMPLEMENTATIONS = YES;
				CLANG_WARN_DIRECT_OBJC_ISA_USAGE = YES_ERROR;
				CLANG_WARN_DOCUMENTATION_COMMENTS = YES;
				CLANG_WARN_EMPTY_BODY = YES;
				CLANG_WARN_ENUM_CONVERSION = YES;
				CLANG_WARN_INFINITE_RECURSION = YES;
				CLANG_WARN_INT_CONVERSION = YES;
				CLANG_WARN_NON_LITERAL_NULL_CONVERSION = YES;
				CLANG_WARN_OBJC_IMPLICIT_RETAIN_SELF = YES;
				CLANG_WARN_OBJC_LITERAL_CONVERSION = YES;
				CLANG_WARN_OBJC_ROOT_CLASS = YES_ERROR;
				CLANG_WARN_QUOTED_INCLUDE_IN_FRAMEWORK_HEADER = YES;
				CLANG_WARN_RANGE_LOOP_ANALYSIS = YES;
				CLANG_WARN_STRICT_PROTOTYPES = YES;
				CLANG_WARN_SUSPICIOUS_MOVE = YES;
				CLANG_WARN_UNGUARDED_AVAILABILITY = YES_AGGRESSIVE;
				CLANG_WARN_UNREACHABLE_CODE = YES;
				CLANG_WARN__DUPLICATE_METHOD_MATCH = YES;
				COPY_PHASE_STRIP = NO;
				DEBUG_INFORMATION_FORMAT = dwarf;
				ENABLE_STRICT_OBJC_MSGSEND = YES;
				ENABLE_TESTABILITY = YES;
				GCC_C_LANGUAGE_STANDARD = gnu11;
				GCC_DYNAMIC_NO_PIC = NO;
				GCC_NO_COMMON_BLOCKS = YES;
				GCC_OPTIMIZATION_LEVEL = 0;
				GCC_PREPROCESSOR_DEFINITIONS = (
					"DEBUG=1",
					"$(inherited)",
				);
				GCC_WARN_64_TO_32_BIT_CONVERSION = YES;
				GCC_WARN_ABOUT_RETURN_TYPE = YES_ERROR;
				GCC_WARN_UNDECLARED_SELECTOR = YES;
				GCC_WARN_UNINITIALIZED_AUTOS = YES_AGGRESSIVE;
				GCC_WARN_UNUSED_FUNCTION = YES;
				GCC_WARN_UNUSED_VARIABLE = YES;
				IPHONEOS_DEPLOYMENT_TARGET = 15.5;
				MTL_ENABLE_DEBUG_INFO = INCLUDE_SOURCE;
				MTL_FAST_MATH = YES;
				ONLY_ACTIVE_ARCH = YES;
				SDKROOT = iphoneos;
				SWIFT_ACTIVE_COMPILATION_CONDITIONS = DEBUG;
				SWIFT_OPTIMIZATION_LEVEL = "-Onone";
			};
			name = Debug;
		};
		00EB4C92289437650096B898 /* Release */ = {
			isa = XCBuildConfiguration;
			buildSettings = {
				ALWAYS_SEARCH_USER_PATHS = NO;
				CLANG_ANALYZER_NONNULL = YES;
				CLANG_ANALYZER_NUMBER_OBJECT_CONVERSION = YES_AGGRESSIVE;
				CLANG_CXX_LANGUAGE_STANDARD = "gnu++17";
				CLANG_ENABLE_MODULES = YES;
				CLANG_ENABLE_OBJC_ARC = YES;
				CLANG_ENABLE_OBJC_WEAK = YES;
				CLANG_WARN_BLOCK_CAPTURE_AUTORELEASING = YES;
				CLANG_WARN_BOOL_CONVERSION = YES;
				CLANG_WARN_COMMA = YES;
				CLANG_WARN_CONSTANT_CONVERSION = YES;
				CLANG_WARN_DEPRECATED_OBJC_IMPLEMENTATIONS = YES;
				CLANG_WARN_DIRECT_OBJC_ISA_USAGE = YES_ERROR;
				CLANG_WARN_DOCUMENTATION_COMMENTS = YES;
				CLANG_WARN_EMPTY_BODY = YES;
				CLANG_WARN_ENUM_CONVERSION = YES;
				CLANG_WARN_INFINITE_RECURSION = YES;
				CLANG_WARN_INT_CONVERSION = YES;
				CLANG_WARN_NON_LITERAL_NULL_CONVERSION = YES;
				CLANG_WARN_OBJC_IMPLICIT_RETAIN_SELF = YES;
				CLANG_WARN_OBJC_LITERAL_CONVERSION = YES;
				CLANG_WARN_OBJC_ROOT_CLASS = YES_ERROR;
				CLANG_WARN_QUOTED_INCLUDE_IN_FRAMEWORK_HEADER = YES;
				CLANG_WARN_RANGE_LOOP_ANALYSIS = YES;
				CLANG_WARN_STRICT_PROTOTYPES = YES;
				CLANG_WARN_SUSPICIOUS_MOVE = YES;
				CLANG_WARN_UNGUARDED_AVAILABILITY = YES_AGGRESSIVE;
				CLANG_WARN_UNREACHABLE_CODE = YES;
				CLANG_WARN__DUPLICATE_METHOD_MATCH = YES;
				COPY_PHASE_STRIP = NO;
				DEBUG_INFORMATION_FORMAT = "dwarf-with-dsym";
				ENABLE_NS_ASSERTIONS = NO;
				ENABLE_STRICT_OBJC_MSGSEND = YES;
				GCC_C_LANGUAGE_STANDARD = gnu11;
				GCC_NO_COMMON_BLOCKS = YES;
				GCC_WARN_64_TO_32_BIT_CONVERSION = YES;
				GCC_WARN_ABOUT_RETURN_TYPE = YES_ERROR;
				GCC_WARN_UNDECLARED_SELECTOR = YES;
				GCC_WARN_UNINITIALIZED_AUTOS = YES_AGGRESSIVE;
				GCC_WARN_UNUSED_FUNCTION = YES;
				GCC_WARN_UNUSED_VARIABLE = YES;
				IPHONEOS_DEPLOYMENT_TARGET = 15.5;
				MTL_ENABLE_DEBUG_INFO = NO;
				MTL_FAST_MATH = YES;
				SDKROOT = iphoneos;
				SWIFT_COMPILATION_MODE = wholemodule;
				SWIFT_OPTIMIZATION_LEVEL = "-O";
				VALIDATE_PRODUCT = YES;
			};
			name = Release;
		};
		00EB4C94289437650096B898 /* Debug */ = {
			isa = XCBuildConfiguration;
			buildSettings = {
				ASSETCATALOG_COMPILER_APPICON_NAME = AppIcon;
				ASSETCATALOG_COMPILER_GLOBAL_ACCENT_COLOR_NAME = AccentColor;
				CODE_SIGN_STYLE = Automatic;
				CURRENT_PROJECT_VERSION = 1;
				DEVELOPMENT_ASSET_PATHS = "\"CustomSearchBar/Preview Content\"";
				ENABLE_PREVIEWS = YES;
				GENERATE_INFOPLIST_FILE = YES;
				INFOPLIST_KEY_UIApplicationSceneManifest_Generation = YES;
				INFOPLIST_KEY_UIApplicationSupportsIndirectInputEvents = YES;
				INFOPLIST_KEY_UILaunchScreen_Generation = YES;
				INFOPLIST_KEY_UISupportedInterfaceOrientations_iPad = "UIInterfaceOrientationPortrait UIInterfaceOrientationPortraitUpsideDown UIInterfaceOrientationLandscapeLeft UIInterfaceOrientationLandscapeRight";
				INFOPLIST_KEY_UISupportedInterfaceOrientations_iPhone = "UIInterfaceOrientationPortrait UIInterfaceOrientationLandscapeLeft UIInterfaceOrientationLandscapeRight";
				LD_RUNPATH_SEARCH_PATHS = (
					"$(inherited)",
					"@executable_path/Frameworks",
				);
				MARKETING_VERSION = 1.0;
				PRODUCT_BUNDLE_IDENTIFIER = com.developerlight.CustomSearchBar;
				PRODUCT_NAME = "$(TARGET_NAME)";
				SWIFT_EMIT_LOC_STRINGS = YES;
				SWIFT_VERSION = 5.0;
				TARGETED_DEVICE_FAMILY = "1,2";
			};
			name = Debug;
		};
		00EB4C95289437650096B898 /* Release */ = {
			isa = XCBuildConfiguration;
			buildSettings = {
				ASSETCATALOG_COMPILER_APPICON_NAME = AppIcon;
				ASSETCATALOG_COMPILER_GLOBAL_ACCENT_COLOR_NAME = AccentColor;
				CODE_SIGN_STYLE = Automatic;
				CURRENT_PROJECT_VERSION = 1;
				DEVELOPMENT_ASSET_PATHS = "\"CustomSearchBar/Preview Content\"";
				ENABLE_PREVIEWS = YES;
				GENERATE_INFOPLIST_FILE = YES;
				INFOPLIST_KEY_UIApplicationSceneManifest_Generation = YES;
				INFOPLIST_KEY_UIApplicationSupportsIndirectInputEvents = YES;
				INFOPLIST_KEY_UILaunchScreen_Generation = YES;
				INFOPLIST_KEY_UISupportedInterfaceOrientations_iPad = "UIInterfaceOrientationPortrait UIInterfaceOrientationPortraitUpsideDown UIInterfaceOrientationLandscapeLeft UIInterfaceOrientationLandscapeRight";
				INFOPLIST_KEY_UISupportedInterfaceOrientations_iPhone = "UIInterfaceOrientationPortrait UIInterfaceOrientationLandscapeLeft UIInterfaceOrientationLandscapeRight";
				LD_RUNPATH_SEARCH_PATHS = (
					"$(inherited)",
					"@executable_path/Frameworks",
				);
				MARKETING_VERSION = 1.0;
				PRODUCT_BUNDLE_IDENTIFIER = com.developerlight.CustomSearchBar;
				PRODUCT_NAME = "$(TARGET_NAME)";
				SWIFT_EMIT_LOC_STRINGS = YES;
				SWIFT_VERSION = 5.0;
				TARGETED_DEVICE_FAMILY = "1,2";
			};
			name = Release;
		};
		00EB4C97289437650096B898 /* Debug */ = {
			isa = XCBuildConfiguration;
			buildSettings = {
				ALWAYS_EMBED_SWIFT_STANDARD_LIBRARIES = YES;
				BUNDLE_LOADER = "$(TEST_HOST)";
				CODE_SIGN_STYLE = Automatic;
				CURRENT_PROJECT_VERSION = 1;
				GENERATE_INFOPLIST_FILE = YES;
				IPHONEOS_DEPLOYMENT_TARGET = 15.5;
				MARKETING_VERSION = 1.0;
				PRODUCT_BUNDLE_IDENTIFIER = com.developerlight.CustomSearchBarTests;
				PRODUCT_NAME = "$(TARGET_NAME)";
				SWIFT_EMIT_LOC_STRINGS = NO;
				SWIFT_VERSION = 5.0;
				TARGETED_DEVICE_FAMILY = "1,2";
				TEST_HOST = "$(BUILT_PRODUCTS_DIR)/CustomSearchBar.app/CustomSearchBar";
			};
			name = Debug;
		};
		00EB4C98289437650096B898 /* Release */ = {
			isa = XCBuildConfiguration;
			buildSettings = {
				ALWAYS_EMBED_SWIFT_STANDARD_LIBRARIES = YES;
				BUNDLE_LOADER = "$(TEST_HOST)";
				CODE_SIGN_STYLE = Automatic;
				CURRENT_PROJECT_VERSION = 1;
				GENERATE_INFOPLIST_FILE = YES;
				IPHONEOS_DEPLOYMENT_TARGET = 15.5;
				MARKETING_VERSION = 1.0;
				PRODUCT_BUNDLE_IDENTIFIER = com.developerlight.CustomSearchBarTests;
				PRODUCT_NAME = "$(TARGET_NAME)";
				SWIFT_EMIT_LOC_STRINGS = NO;
				SWIFT_VERSION = 5.0;
				TARGETED_DEVICE_FAMILY = "1,2";
				TEST_HOST = "$(BUILT_PRODUCTS_DIR)/CustomSearchBar.app/CustomSearchBar";
			};
			name = Release;
		};
		00EB4C9A289437650096B898 /* Debug */ = {
			isa = XCBuildConfiguration;
			buildSettings = {
				ALWAYS_EMBED_SWIFT_STANDARD_LIBRARIES = YES;
				CODE_SIGN_STYLE = Automatic;
				CURRENT_PROJECT_VERSION = 1;
				GENERATE_INFOPLIST_FILE = YES;
				MARKETING_VERSION = 1.0;
				PRODUCT_BUNDLE_IDENTIFIER = com.developerlight.CustomSearchBarUITests;
				PRODUCT_NAME = "$(TARGET_NAME)";
				SWIFT_EMIT_LOC_STRINGS = NO;
				SWIFT_VERSION = 5.0;
				TARGETED_DEVICE_FAMILY = "1,2";
				TEST_TARGET_NAME = CustomSearchBar;
			};
			name = Debug;
		};
		00EB4C9B289437650096B898 /* Release */ = {
			isa = XCBuildConfiguration;
			buildSettings = {
				ALWAYS_EMBED_SWIFT_STANDARD_LIBRARIES = YES;
				CODE_SIGN_STYLE = Automatic;
				CURRENT_PROJECT_VERSION = 1;
				GENERATE_INFOPLIST_FILE = YES;
				MARKETING_VERSION = 1.0;
				PRODUCT_BUNDLE_IDENTIFIER = com.developerlight.CustomSearchBarUITests;
				PRODUCT_NAME = "$(TARGET_NAME)";
				SWIFT_EMIT_LOC_STRINGS = NO;
				SWIFT_VERSION = 5.0;
				TARGETED_DEVICE_FAMILY = "1,2";
				TEST_TARGET_NAME = CustomSearchBar;
			};
			name = Release;
		};
/* End XCBuildConfiguration section */

/* Begin XCConfigurationList section */
		00EB4C6A289437630096B898 /* Build configuration list for PBXProject "CustomSearchBar" */ = {
			isa = XCConfigurationList;
			buildConfigurations = (
				00EB4C91289437650096B898 /* Debug */,
				00EB4C92289437650096B898 /* Release */,
			);
			defaultConfigurationIsVisible = 0;
			defaultConfigurationName = Release;
		};
		00EB4C93289437650096B898 /* Build configuration list for PBXNativeTarget "CustomSearchBar" */ = {
			isa = XCConfigurationList;
			buildConfigurations = (
				00EB4C94289437650096B898 /* Debug */,
				00EB4C95289437650096B898 /* Release */,
			);
			defaultConfigurationIsVisible = 0;
			defaultConfigurationName = Release;
		};
		00EB4C96289437650096B898 /* Build configuration list for PBXNativeTarget "CustomSearchBarTests" */ = {
			isa = XCConfigurationList;
			buildConfigurations = (
				00EB4C97289437650096B898 /* Debug */,
				00EB4C98289437650096B898 /* Release */,
			);
			defaultConfigurationIsVisible = 0;
			defaultConfigurationName = Release;
		};
		00EB4C99289437650096B898 /* Build configuration list for PBXNativeTarget "CustomSearchBarUITests" */ = {
			isa = XCConfigurationList;
			buildConfigurations = (
				00EB4C9A289437650096B898 /* Debug */,
				00EB4C9B289437650096B898 /* Release */,
			);
			defaultConfigurationIsVisible = 0;
			defaultConfigurationName = Release;
		};
/* End XCConfigurationList section */
	};
	rootObject = 00EB4C67289437630096B898 /* Project object */;
}
